// !$*UTF8*$!
{
	archiveVersion = 1;
	classes = {
	};
	objectVersion = 46;
	objects = {

/* Begin PBXBuildFile section */
		A306C7541BE6A99700B43D8E /* cJSON_Utils.c in Sources */ = {isa = PBXBuildFile; fileRef = A306C7501BE6A99700B43D8E /* cJSON_Utils.c */; };
		A306C7551BE6A99700B43D8E /* cJSON.c in Sources */ = {isa = PBXBuildFile; fileRef = A306C7521BE6A99700B43D8E /* cJSON.c */; };
		A31C09721BCAED760074D25E /* SMD_Modbus.c in Sources */ = {isa = PBXBuildFile; fileRef = A31C09701BCAED760074D25E /* SMD_Modbus.c */; };
		A3EDEFA11BBEFD47003DB4FE /* SMDControlDaemon.c in Sources */ = {isa = PBXBuildFile; fileRef = A3EDEF9D1BBEFA8D003DB4FE /* SMDControlDaemon.c */; };
		A3EDEFA21BBEFD47003DB4FE /* SMD_Constants.c in Sources */ = {isa = PBXBuildFile; fileRef = A3EDEF9A1BBEFA8D003DB4FE /* SMD_Constants.c */; };
		A3EDEFA31BBEFD47003DB4FE /* SMD_Utilities.c in Sources */ = {isa = PBXBuildFile; fileRef = A3EDEF9C1BBEFA8D003DB4FE /* SMD_Utilities.c */; };
		A3EDEFA41BBEFD47003DB4FE /* SMD_Motor_Commands.c in Sources */ = {isa = PBXBuildFile; fileRef = A3EDEF9B1BBEFA8D003DB4FE /* SMD_Motor_Commands.c */; };
		A3EDEFA71BBFFD70003DB4FE /* SMD_SocketOps.c in Sources */ = {isa = PBXBuildFile; fileRef = A3EDEFA61BBFFD70003DB4FE /* SMD_SocketOps.c */; };
/* End PBXBuildFile section */

/* Begin PBXCopyFilesBuildPhase section */
		A3F49FED1AEF9CD400164B05 /* Copy Files */ = {
			isa = PBXCopyFilesBuildPhase;
			buildActionMask = 2147483647;
			dstPath = /usr/share/man/man1/;
			dstSubfolderSpec = 0;
			files = (
			);
			name = "Copy Files";
			runOnlyForDeploymentPostprocessing = 1;
		};
/* End PBXCopyFilesBuildPhase section */

/* Begin PBXFileReference section */
		A306C7501BE6A99700B43D8E /* cJSON_Utils.c */ = {isa = PBXFileReference; fileEncoding = 4; lastKnownFileType = sourcecode.c.c; name = cJSON_Utils.c; path = SMD_Control_Server/src/vendor/cJSON_Utils.c; sourceTree = SOURCE_ROOT; };
		A306C7511BE6A99700B43D8E /* cJSON_Utils.h */ = {isa = PBXFileReference; fileEncoding = 4; lastKnownFileType = sourcecode.c.h; name = cJSON_Utils.h; path = SMD_Control_Server/src/vendor/cJSON_Utils.h; sourceTree = SOURCE_ROOT; };
		A306C7521BE6A99700B43D8E /* cJSON.c */ = {isa = PBXFileReference; fileEncoding = 4; lastKnownFileType = sourcecode.c.c; name = cJSON.c; path = SMD_Control_Server/src/vendor/cJSON.c; sourceTree = SOURCE_ROOT; };
		A306C7531BE6A99700B43D8E /* cJSON.h */ = {isa = PBXFileReference; fileEncoding = 4; lastKnownFileType = sourcecode.c.h; name = cJSON.h; path = SMD_Control_Server/src/vendor/cJSON.h; sourceTree = SOURCE_ROOT; };
		A31C096C1BCAED460074D25E /* SMD_Constants.h */ = {isa = PBXFileReference; lastKnownFileType = sourcecode.c.h; path = SMD_Constants.h; sourceTree = "<group>"; };
		A31C096D1BCAED460074D25E /* SMD_Motor_Commands.h */ = {isa = PBXFileReference; lastKnownFileType = sourcecode.c.h; path = SMD_Motor_Commands.h; sourceTree = "<group>"; };
		A31C096E1BCAED460074D25E /* SMD_SocketOps.h */ = {isa = PBXFileReference; lastKnownFileType = sourcecode.c.h; path = SMD_SocketOps.h; sourceTree = "<group>"; };
		A31C096F1BCAED460074D25E /* SMD_Utilities.h */ = {isa = PBXFileReference; lastKnownFileType = sourcecode.c.h; path = SMD_Utilities.h; sourceTree = "<group>"; };
		A31C09701BCAED760074D25E /* SMD_Modbus.c */ = {isa = PBXFileReference; fileEncoding = 4; lastKnownFileType = sourcecode.c.c; path = SMD_Modbus.c; sourceTree = "<group>"; };
		A31C09711BCAED760074D25E /* SMD_Modbus.h */ = {isa = PBXFileReference; fileEncoding = 4; lastKnownFileType = sourcecode.c.h; path = SMD_Modbus.h; sourceTree = "<group>"; };
		A3EDEF9A1BBEFA8D003DB4FE /* SMD_Constants.c */ = {isa = PBXFileReference; lastKnownFileType = sourcecode.c.c; path = SMD_Constants.c; sourceTree = "<group>"; };
		A3EDEF9B1BBEFA8D003DB4FE /* SMD_Motor_Commands.c */ = {isa = PBXFileReference; lastKnownFileType = sourcecode.c.c; path = SMD_Motor_Commands.c; sourceTree = "<group>"; };
		A3EDEF9C1BBEFA8D003DB4FE /* SMD_Utilities.c */ = {isa = PBXFileReference; lastKnownFileType = sourcecode.c.c; path = SMD_Utilities.c; sourceTree = "<group>"; };
		A3EDEF9D1BBEFA8D003DB4FE /* SMDControlDaemon.c */ = {isa = PBXFileReference; lastKnownFileType = sourcecode.c.c; path = SMDControlDaemon.c; sourceTree = "<group>"; };
		A3EDEFA61BBFFD70003DB4FE /* SMD_SocketOps.c */ = {isa = PBXFileReference; fileEncoding = 4; lastKnownFileType = sourcecode.c.c; path = SMD_SocketOps.c; sourceTree = "<group>"; };
		A3F49FEF1AEF9CD400164B05 /* SMD_Control_Server */ = {isa = PBXFileReference; explicitFileType = "compiled.mach-o.executable"; includeInIndex = 0; path = SMD_Control_Server; sourceTree = BUILT_PRODUCTS_DIR; };
/* End PBXFileReference section */

/* Begin PBXFrameworksBuildPhase section */
		A3F49FEC1AEF9CD400164B05 /* Frameworks */ = {
			isa = PBXFrameworksBuildPhase;
			buildActionMask = 2147483647;
			files = (
			);
			runOnlyForDeploymentPostprocessing = 0;
		};
/* End PBXFrameworksBuildPhase section */

/* Begin PBXGroup section */
		A306C73E1BE55B9400B43D8E /* vendor */ = {
			isa = PBXGroup;
			children = (
				A306C73F1BE55B9400B43D8E /* cJSON */,
			);
			path = vendor;
			sourceTree = "<group>";
		};
		A306C73F1BE55B9400B43D8E /* cJSON */ = {
			isa = PBXGroup;
			children = (
				A306C7501BE6A99700B43D8E /* cJSON_Utils.c */,
				A306C7511BE6A99700B43D8E /* cJSON_Utils.h */,
				A306C7521BE6A99700B43D8E /* cJSON.c */,
				A306C7531BE6A99700B43D8E /* cJSON.h */,
			);
			path = cJSON;
			sourceTree = "<group>";
		};
		A3EDEF951BBEFA8D003DB4FE /* src */ = {
			isa = PBXGroup;
			children = (
				A306C73E1BE55B9400B43D8E /* vendor */,
				A31C096C1BCAED460074D25E /* SMD_Constants.h */,
				A31C096D1BCAED460074D25E /* SMD_Motor_Commands.h */,
				A31C096E1BCAED460074D25E /* SMD_SocketOps.h */,
				A31C096F1BCAED460074D25E /* SMD_Utilities.h */,
				A31C09711BCAED760074D25E /* SMD_Modbus.h */,
				A3EDEF9D1BBEFA8D003DB4FE /* SMDControlDaemon.c */,
				A3EDEFA61BBFFD70003DB4FE /* SMD_SocketOps.c */,
				A3EDEF9A1BBEFA8D003DB4FE /* SMD_Constants.c */,
				A3EDEF9C1BBEFA8D003DB4FE /* SMD_Utilities.c */,
				A3EDEF9B1BBEFA8D003DB4FE /* SMD_Motor_Commands.c */,
				A31C09701BCAED760074D25E /* SMD_Modbus.c */,
			);
			path = src;
			sourceTree = "<group>";
		};
		A3F49FE61AEF9CD400164B05 = {
			isa = PBXGroup;
			children = (
				A3F49FF11AEF9CD400164B05 /* SMD_Control_Server */,
				A3F49FF01AEF9CD400164B05 /* Products */,
			);
			sourceTree = "<group>";
		};
		A3F49FF01AEF9CD400164B05 /* Products */ = {
			isa = PBXGroup;
			children = (
				A3F49FEF1AEF9CD400164B05 /* SMD_Control_Server */,
			);
			name = Products;
			sourceTree = "<group>";
		};
		A3F49FF11AEF9CD400164B05 /* SMD_Control_Server */ = {
			isa = PBXGroup;
			children = (
				A3EDEF951BBEFA8D003DB4FE /* src */,
			);
			path = SMD_Control_Server;
			sourceTree = "<group>";
		};
/* End PBXGroup section */

/* Begin PBXNativeTarget section */
		A3F49FEE1AEF9CD400164B05 /* SMD_Control_Server */ = {
			isa = PBXNativeTarget;
			buildConfigurationList = A3F49FF61AEF9CD400164B05 /* Build configuration list for PBXNativeTarget "SMD_Control_Server" */;
			buildPhases = (
				A3F49FEB1AEF9CD400164B05 /* Sources */,
				A3F49FEC1AEF9CD400164B05 /* Frameworks */,
				A3F49FED1AEF9CD400164B05 /* Copy Files */,
			);
			buildRules = (
			);
			dependencies = (
			);
			name = SMD_Control_Server;
			productName = SMD_Control_Server;
			productReference = A3F49FEF1AEF9CD400164B05 /* SMD_Control_Server */;
			productType = "com.apple.product-type.tool";
		};
/* End PBXNativeTarget section */

/* Begin PBXProject section */
		A3F49FE71AEF9CD400164B05 /* Project object */ = {
			isa = PBXProject;
			attributes = {
				LastUpgradeCheck = 0700;
				ORGANIZATIONNAME = "3ML LLC";
				TargetAttributes = {
					A3F49FEE1AEF9CD400164B05 = {
						CreatedOnToolsVersion = 6.3;
					};
				};
			};
			buildConfigurationList = A3F49FEA1AEF9CD400164B05 /* Build configuration list for PBXProject "SMD_Control_Server" */;
			compatibilityVersion = "Xcode 3.2";
			developmentRegion = English;
			hasScannedForEncodings = 0;
			knownRegions = (
				en,
			);
			mainGroup = A3F49FE61AEF9CD400164B05;
			productRefGroup = A3F49FF01AEF9CD400164B05 /* Products */;
			projectDirPath = "";
			projectRoot = "";
			targets = (
				A3F49FEE1AEF9CD400164B05 /* SMD_Control_Server */,
			);
		};
/* End PBXProject section */

/* Begin PBXSourcesBuildPhase section */
		A3F49FEB1AEF9CD400164B05 /* Sources */ = {
			isa = PBXSourcesBuildPhase;
			buildActionMask = 2147483647;
			files = (
				A3EDEFA21BBEFD47003DB4FE /* SMD_Constants.c in Sources */,
				A3EDEFA71BBFFD70003DB4FE /* SMD_SocketOps.c in Sources */,
				A306C7551BE6A99700B43D8E /* cJSON.c in Sources */,
				A306C7541BE6A99700B43D8E /* cJSON_Utils.c in Sources */,
				A3EDEFA31BBEFD47003DB4FE /* SMD_Utilities.c in Sources */,
				A3EDEFA41BBEFD47003DB4FE /* SMD_Motor_Commands.c in Sources */,
				A31C09721BCAED760074D25E /* SMD_Modbus.c in Sources */,
				A3EDEFA11BBEFD47003DB4FE /* SMDControlDaemon.c in Sources */,
			);
			runOnlyForDeploymentPostprocessing = 0;
		};
/* End PBXSourcesBuildPhase section */

/* Begin XCBuildConfiguration section */
		A3F49FF41AEF9CD400164B05 /* Debug */ = {
			isa = XCBuildConfiguration;
			buildSettings = {
				ALWAYS_SEARCH_USER_PATHS = NO;
				CLANG_CXX_LANGUAGE_STANDARD = "gnu++0x";
				CLANG_CXX_LIBRARY = "libc++";
				CLANG_ENABLE_MODULES = YES;
				CLANG_ENABLE_OBJC_ARC = YES;
				CLANG_WARN_BOOL_CONVERSION = YES;
				CLANG_WARN_CONSTANT_CONVERSION = YES;
				CLANG_WARN_DIRECT_OBJC_ISA_USAGE = YES_ERROR;
				CLANG_WARN_EMPTY_BODY = YES;
				CLANG_WARN_ENUM_CONVERSION = YES;
				CLANG_WARN_INT_CONVERSION = YES;
				CLANG_WARN_OBJC_ROOT_CLASS = YES_ERROR;
				CLANG_WARN_UNREACHABLE_CODE = YES;
				CLANG_WARN__DUPLICATE_METHOD_MATCH = YES;
				COPY_PHASE_STRIP = NO;
				DEBUG_INFORMATION_FORMAT = dwarf;
				ENABLE_STRICT_OBJC_MSGSEND = YES;
				ENABLE_TESTABILITY = YES;
				GCC_C_LANGUAGE_STANDARD = gnu99;
				GCC_DYNAMIC_NO_PIC = NO;
				GCC_NO_COMMON_BLOCKS = YES;
				GCC_OPTIMIZATION_LEVEL = 0;
				GCC_PREPROCESSOR_DEFINITIONS = (
					"DEBUG=1",
					"$(inherited)",
				);
				GCC_SYMBOLS_PRIVATE_EXTERN = NO;
				GCC_WARN_64_TO_32_BIT_CONVERSION = YES;
				GCC_WARN_ABOUT_RETURN_TYPE = YES_ERROR;
				GCC_WARN_UNDECLARED_SELECTOR = YES;
				GCC_WARN_UNINITIALIZED_AUTOS = YES_AGGRESSIVE;
				GCC_WARN_UNUSED_FUNCTION = YES;
				GCC_WARN_UNUSED_VARIABLE = YES;
				MACOSX_DEPLOYMENT_TARGET = 10.10;
				MTL_ENABLE_DEBUG_INFO = YES;
				ONLY_ACTIVE_ARCH = YES;
				SDKROOT = macosx;
			};
			name = Debug;
		};
		A3F49FF51AEF9CD400164B05 /* Release */ = {
			isa = XCBuildConfiguration;
			buildSettings = {
				ALWAYS_SEARCH_USER_PATHS = NO;
				CLANG_CXX_LANGUAGE_STANDARD = "gnu++0x";
				CLANG_CXX_LIBRARY = "libc++";
				CLANG_ENABLE_MODULES = YES;
				CLANG_ENABLE_OBJC_ARC = YES;
				CLANG_WARN_BOOL_CONVERSION = YES;
				CLANG_WARN_CONSTANT_CONVERSION = YES;
				CLANG_WARN_DIRECT_OBJC_ISA_USAGE = YES_ERROR;
				CLANG_WARN_EMPTY_BODY = YES;
				CLANG_WARN_ENUM_CONVERSION = YES;
				CLANG_WARN_INT_CONVERSION = YES;
				CLANG_WARN_OBJC_ROOT_CLASS = YES_ERROR;
				CLANG_WARN_UNREACHABLE_CODE = YES;
				CLANG_WARN__DUPLICATE_METHOD_MATCH = YES;
				COPY_PHASE_STRIP = NO;
				DEBUG_INFORMATION_FORMAT = "dwarf-with-dsym";
				ENABLE_NS_ASSERTIONS = NO;
				ENABLE_STRICT_OBJC_MSGSEND = YES;
				GCC_C_LANGUAGE_STANDARD = gnu99;
				GCC_NO_COMMON_BLOCKS = YES;
				GCC_WARN_64_TO_32_BIT_CONVERSION = YES;
				GCC_WARN_ABOUT_RETURN_TYPE = YES_ERROR;
				GCC_WARN_UNDECLARED_SELECTOR = YES;
				GCC_WARN_UNINITIALIZED_AUTOS = YES_AGGRESSIVE;
				GCC_WARN_UNUSED_FUNCTION = YES;
				GCC_WARN_UNUSED_VARIABLE = YES;
				MACOSX_DEPLOYMENT_TARGET = 10.10;
				MTL_ENABLE_DEBUG_INFO = NO;
				SDKROOT = macosx;
			};
			name = Release;
		};
		A3F49FF71AEF9CD400164B05 /* Debug */ = {
			isa = XCBuildConfiguration;
			buildSettings = {
				HEADER_SEARCH_PATHS = (
					"$(inherited)",
					/Applications/Xcode.app/Contents/Developer/Toolchains/XcodeDefault.xctoolchain/usr/include,
					/usr/local/include/modbus,
				);
				OTHER_LDFLAGS = (
					"-lmodbus",
					"-L/usr/local/lib",
					"-I/usr/local/include/modbus",
				);
				PRODUCT_NAME = "$(TARGET_NAME)";
			};
			name = Debug;
		};
		A3F49FF81AEF9CD400164B05 /* Release */ = {
			isa = XCBuildConfiguration;
			buildSettings = {
				HEADER_SEARCH_PATHS = (
					"$(inherited)",
					/Applications/Xcode.app/Contents/Developer/Toolchains/XcodeDefault.xctoolchain/usr/include,
					/usr/local/include/modbus,
				);
				OTHER_LDFLAGS = (
					"-lmodbus",
					"-L/usr/local/lib",
					"-I/usr/local/include/modbus",
				);
				PRODUCT_NAME = "$(TARGET_NAME)";
			};
			name = Release;
		};
/* End XCBuildConfiguration section */

/* Begin XCConfigurationList section */
		A3F49FEA1AEF9CD400164B05 /* Build configuration list for PBXProject "SMD_Control_Server" */ = {
			isa = XCConfigurationList;
			buildConfigurations = (
				A3F49FF41AEF9CD400164B05 /* Debug */,
				A3F49FF51AEF9CD400164B05 /* Release */,
			);
			defaultConfigurationIsVisible = 0;
			defaultConfigurationName = Release;
		};
		A3F49FF61AEF9CD400164B05 /* Build configuration list for PBXNativeTarget "SMD_Control_Server" */ = {
			isa = XCConfigurationList;
			buildConfigurations = (
				A3F49FF71AEF9CD400164B05 /* Debug */,
				A3F49FF81AEF9CD400164B05 /* Release */,
			);
			defaultConfigurationIsVisible = 0;
			defaultConfigurationName = Release;
		};
/* End XCConfigurationList section */
	};
	rootObject = A3F49FE71AEF9CD400164B05 /* Project object */;
}
